
Microsoft Visual Studio Solution File, Format Version 12.00
# Visual Studio Version 17
VisualStudioVersion = 17.0.31903.59
MinimumVisualStudioVersion = 10.0.40219.1
Project("{FAE04EC0-301F-11D3-BF4B-00C04F79EFBC}") = "GraphMeetingScheduler", "src\GraphMeetingScheduler\GraphMeetingScheduler.csproj", "{6F59BDE3-752D-4BB7-9884-F37744CD2970}"
EndProject
Global
	GlobalSection(SolutionConfigurationPlatforms) = preSolution
		Debug|Any CPU = Debug|Any CPU
		Release|Any CPU = Release|Any CPU
	EndGlobalSection
	GlobalSection(ProjectConfigurationPlatforms) = postSolution
		{6F59BDE3-752D-4BB7-9884-F37744CD2970}.Debug|Any CPU.ActiveCfg = Debug|Any CPU
		{6F59BDE3-752D-4BB7-9884-F37744CD2970}.Debug|Any CPU.Build.0 = Debug|Any CPU
		{6F59BDE3-752D-4BB7-9884-F37744CD2970}.Release|Any CPU.ActiveCfg = Release|Any CPU
		{6F59BDE3-752D-4BB7-9884-F37744CD2970}.Release|Any CPU.Build.0 = Release|Any CPU
	EndGlobalSection
	GlobalSection(SolutionProperties) = preSolution
		HideSolutionNode = FALSE
	EndGlobalSection
	GlobalSection(ExtensibilityGlobals) = postSolution
		SolutionGuid = {5B4F9D2D-36C3-4764-812D-328B9DC40B2E}
	EndGlobalSection
EndGlobal
